# Generated by pub
# See https://dart.dev/tools/pub/glossary#lockfile
packages:
  args:
    dependency: "direct main"
    description:
      name: args
      url: "https://pub.dartlang.org"
    source: hosted
    version: "2.3.0"
  clock:
    dependency: transitive
    description:
      name: clock
      url: "https://pub.dartlang.org"
    source: hosted
    version: "1.1.0"
  collection:
    dependency: transitive
    description:
      name: collection
      url: "https://pub.dartlang.org"
    source: hosted
    version: "1.16.0"
  dart_date:
    dependency: "direct main"
    description:
      name: dart_date
      url: "https://pub.dartlang.org"
    source: hosted
    version: "1.1.1"
  intl:
    dependency: "direct main"
    description:
      name: intl
      url: "https://pub.dartlang.org"
    source: hosted
    version: "0.17.0"
  json5:
    dependency: "direct main"
    description:
      name: json5
      url: "https://pub.dartlang.org"
    source: hosted
    version: "0.7.0"
  lints:
    dependency: "direct dev"
    description:
      name: lints
      url: "https://pub.dartlang.org"
    source: hosted
    version: "1.0.1"
  mustache_template:
    dependency: "direct main"
    description:
      name: mustache_template
      url: "https://pub.dartlang.org"
    source: hosted
    version: "2.0.0"
  path:
    dependency: "direct main"
    description:
      name: path
      url: "https://pub.dartlang.org"
    source: hosted
    version: "1.8.1"
  resource_portable:
    dependency: "direct main"
    description:
      name: resource_portable
      url: "https://pub.dartlang.org"
    source: hosted
    version: "3.0.0"
  timeago:
    dependency: transitive
    description:
      name: timeago
      url: "https://pub.dartlang.org"
    source: hosted
    version: "3.2.2"
  typed_data:
    dependency: transitive
    description:
      name: typed_data
      url: "https://pub.dartlang.org"
    source: hosted
    version: "1.3.0"
sdks:
  dart: ">=2.16.1 <3.0.0"
